// !$*UTF8*$!
{
	archiveVersion = 1;
	classes = {
	};
	objectVersion = 55;
	objects = {

/* Begin PBXBuildFile section */
		DBA1DE02285397D20039591E /* AppDelegate.swift in Sources */ = {isa = PBXBuildFile; fileRef = DBA1DE01285397D20039591E /* AppDelegate.swift */; };
		DBA1DE0B285397D30039591E /* Assets.xcassets in Resources */ = {isa = PBXBuildFile; fileRef = DBA1DE0A285397D30039591E /* Assets.xcassets */; };
		DBA1DE0E285397D30039591E /* LaunchScreen.storyboard in Resources */ = {isa = PBXBuildFile; fileRef = DBA1DE0C285397D30039591E /* LaunchScreen.storyboard */; };
		DBA1DE1728539E680039591E /* Ticket.swift in Sources */ = {isa = PBXBuildFile; fileRef = DBA1DE1628539E680039591E /* Ticket.swift */; };
		DBA1DE1D2853A88D0039591E /* NetwokManager.swift in Sources */ = {isa = PBXBuildFile; fileRef = DBA1DE1C2853A88D0039591E /* NetwokManager.swift */; };
		DBA1DE202853ACCD0039591E /* Support.swift in Sources */ = {isa = PBXBuildFile; fileRef = DBA1DE1F2853ACCD0039591E /* Support.swift */; };
		DBA1DE2228550EDC0039591E /* Extensions.swift in Sources */ = {isa = PBXBuildFile; fileRef = DBA1DE2128550EDC0039591E /* Extensions.swift */; };
		DBA1DE262855183F0039591E /* GradientView.swift in Sources */ = {isa = PBXBuildFile; fileRef = DBA1DE252855183E0039591E /* GradientView.swift */; };
		DBA1DE2828567CC70039591E /* TicketsViewController.swift in Sources */ = {isa = PBXBuildFile; fileRef = DBA1DE2728567CC70039591E /* TicketsViewController.swift */; };
		DBA1DE2A28570FA70039591E /* TicketsTableViewCell.swift in Sources */ = {isa = PBXBuildFile; fileRef = DBA1DE2928570FA60039591E /* TicketsTableViewCell.swift */; };
		DBA1DE2D28576D780039591E /* DateFormatedCustom.swift in Sources */ = {isa = PBXBuildFile; fileRef = DBA1DE2C28576D780039591E /* DateFormatedCustom.swift */; };
		DBA1DE2F2857BCF90039591E /* DetailTicketViewController.swift in Sources */ = {isa = PBXBuildFile; fileRef = DBA1DE2E2857BCF90039591E /* DetailTicketViewController.swift */; };
/* End PBXBuildFile section */

/* Begin PBXFileReference section */
		DBA1DDFE285397D20039591E /* Time for a trip.app */ = {isa = PBXFileReference; explicitFileType = wrapper.application; includeInIndex = 0; path = "Time for a trip.app"; sourceTree = BUILT_PRODUCTS_DIR; };
		DBA1DE01285397D20039591E /* AppDelegate.swift */ = {isa = PBXFileReference; lastKnownFileType = sourcecode.swift; path = AppDelegate.swift; sourceTree = "<group>"; };
		DBA1DE0A285397D30039591E /* Assets.xcassets */ = {isa = PBXFileReference; lastKnownFileType = folder.assetcatalog; path = Assets.xcassets; sourceTree = "<group>"; };
		DBA1DE0D285397D30039591E /* Base */ = {isa = PBXFileReference; lastKnownFileType = file.storyboard; name = Base; path = Base.lproj/LaunchScreen.storyboard; sourceTree = "<group>"; };
		DBA1DE0F285397D30039591E /* Info.plist */ = {isa = PBXFileReference; lastKnownFileType = text.plist.xml; path = Info.plist; sourceTree = "<group>"; };
		DBA1DE1628539E680039591E /* Ticket.swift */ = {isa = PBXFileReference; lastKnownFileType = sourcecode.swift; path = Ticket.swift; sourceTree = "<group>"; };
		DBA1DE1C2853A88D0039591E /* NetwokManager.swift */ = {isa = PBXFileReference; lastKnownFileType = sourcecode.swift; path = NetwokManager.swift; sourceTree = "<group>"; };
		DBA1DE1F2853ACCD0039591E /* Support.swift */ = {isa = PBXFileReference; lastKnownFileType = sourcecode.swift; path = Support.swift; sourceTree = "<group>"; };
		DBA1DE2128550EDC0039591E /* Extensions.swift */ = {isa = PBXFileReference; lastKnownFileType = sourcecode.swift; path = Extensions.swift; sourceTree = "<group>"; };
		DBA1DE252855183E0039591E /* GradientView.swift */ = {isa = PBXFileReference; lastKnownFileType = sourcecode.swift; path = GradientView.swift; sourceTree = "<group>"; };
		DBA1DE2728567CC70039591E /* TicketsViewController.swift */ = {isa = PBXFileReference; lastKnownFileType = sourcecode.swift; path = TicketsViewController.swift; sourceTree = "<group>"; };
		DBA1DE2928570FA60039591E /* TicketsTableViewCell.swift */ = {isa = PBXFileReference; lastKnownFileType = sourcecode.swift; path = TicketsTableViewCell.swift; sourceTree = "<group>"; };
		DBA1DE2C28576D780039591E /* DateFormatedCustom.swift */ = {isa = PBXFileReference; lastKnownFileType = sourcecode.swift; path = DateFormatedCustom.swift; sourceTree = "<group>"; };
		DBA1DE2E2857BCF90039591E /* DetailTicketViewController.swift */ = {isa = PBXFileReference; lastKnownFileType = sourcecode.swift; path = DetailTicketViewController.swift; sourceTree = "<group>"; };
/* End PBXFileReference section */

/* Begin PBXFrameworksBuildPhase section */
		DBA1DDFB285397D20039591E /* Frameworks */ = {
			isa = PBXFrameworksBuildPhase;
			buildActionMask = 2147483647;
			files = (
			);
			runOnlyForDeploymentPostprocessing = 0;
		};
/* End PBXFrameworksBuildPhase section */

/* Begin PBXGroup section */
		DBA1DDF5285397D20039591E = {
			isa = PBXGroup;
			children = (
				DBA1DE00285397D20039591E /* Time for a trip */,
				DBA1DDFF285397D20039591E /* Products */,
			);
			sourceTree = "<group>";
		};
		DBA1DDFF285397D20039591E /* Products */ = {
			isa = PBXGroup;
			children = (
				DBA1DDFE285397D20039591E /* Time for a trip.app */,
			);
			name = Products;
			sourceTree = "<group>";
		};
		DBA1DE00285397D20039591E /* Time for a trip */ = {
			isa = PBXGroup;
			children = (
				DBA1DE01285397D20039591E /* AppDelegate.swift */,
				DBA1DE192853A79C0039591E /* View */,
				DBA1DE2B28574EAB0039591E /* Networking */,
				DBA1DE1528539E3A0039591E /* Models */,
				DBA1DE1E2853AC7E0039591E /* SupportFiles */,
				DBA1DE0A285397D30039591E /* Assets.xcassets */,
				DBA1DE0C285397D30039591E /* LaunchScreen.storyboard */,
				DBA1DE0F285397D30039591E /* Info.plist */,
			);
			path = "Time for a trip";
			sourceTree = "<group>";
		};
		DBA1DE1528539E3A0039591E /* Models */ = {
			isa = PBXGroup;
			children = (
				DBA1DE1628539E680039591E /* Ticket.swift */,
			);
			path = Models;
			sourceTree = "<group>";
		};
		DBA1DE192853A79C0039591E /* View */ = {
			isa = PBXGroup;
			children = (
				DBA1DE2728567CC70039591E /* TicketsViewController.swift */,
				DBA1DE2928570FA60039591E /* TicketsTableViewCell.swift */,
				DBA1DE2E2857BCF90039591E /* DetailTicketViewController.swift */,
			);
			path = View;
			sourceTree = "<group>";
		};
		DBA1DE1E2853AC7E0039591E /* SupportFiles */ = {
			isa = PBXGroup;
			children = (
				DBA1DE1F2853ACCD0039591E /* Support.swift */,
				DBA1DE2128550EDC0039591E /* Extensions.swift */,
				DBA1DE252855183E0039591E /* GradientView.swift */,
				DBA1DE2C28576D780039591E /* DateFormatedCustom.swift */,
			);
			path = SupportFiles;
			sourceTree = "<group>";
		};
		DBA1DE2B28574EAB0039591E /* Networking */ = {
			isa = PBXGroup;
			children = (
				DBA1DE1C2853A88D0039591E /* NetwokManager.swift */,
			);
			path = Networking;
			sourceTree = "<group>";
		};
/* End PBXGroup section */

/* Begin PBXNativeTarget section */
		DBA1DDFD285397D20039591E /* Time for a trip */ = {
			isa = PBXNativeTarget;
			buildConfigurationList = DBA1DE12285397D30039591E /* Build configuration list for PBXNativeTarget "Time for a trip" */;
			buildPhases = (
				DBA1DDFA285397D20039591E /* Sources */,
				DBA1DDFB285397D20039591E /* Frameworks */,
				DBA1DDFC285397D20039591E /* Resources */,
			);
			buildRules = (
			);
			dependencies = (
			);
			name = "Time for a trip";
			productName = "Time for a trip";
			productReference = DBA1DDFE285397D20039591E /* Time for a trip.app */;
			productType = "com.apple.product-type.application";
		};
/* End PBXNativeTarget section */

/* Begin PBXProject section */
		DBA1DDF6285397D20039591E /* Project object */ = {
			isa = PBXProject;
			attributes = {
				BuildIndependentTargetsInParallel = 1;
				LastSwiftUpdateCheck = 1330;
				LastUpgradeCheck = 1330;
				TargetAttributes = {
					DBA1DDFD285397D20039591E = {
						CreatedOnToolsVersion = 13.3.1;
					};
				};
			};
			buildConfigurationList = DBA1DDF9285397D20039591E /* Build configuration list for PBXProject "Time for a trip" */;
			compatibilityVersion = "Xcode 13.0";
			developmentRegion = en;
			hasScannedForEncodings = 0;
			knownRegions = (
				en,
				Base,
			);
			mainGroup = DBA1DDF5285397D20039591E;
			productRefGroup = DBA1DDFF285397D20039591E /* Products */;
			projectDirPath = "";
			projectRoot = "";
			targets = (
				DBA1DDFD285397D20039591E /* Time for a trip */,
			);
		};
/* End PBXProject section */

/* Begin PBXResourcesBuildPhase section */
		DBA1DDFC285397D20039591E /* Resources */ = {
			isa = PBXResourcesBuildPhase;
			buildActionMask = 2147483647;
			files = (
				DBA1DE0E285397D30039591E /* LaunchScreen.storyboard in Resources */,
				DBA1DE0B285397D30039591E /* Assets.xcassets in Resources */,
			);
			runOnlyForDeploymentPostprocessing = 0;
		};
/* End PBXResourcesBuildPhase section */

/* Begin PBXSourcesBuildPhase section */
		DBA1DDFA285397D20039591E /* Sources */ = {
			isa = PBXSourcesBuildPhase;
			buildActionMask = 2147483647;
			files = (
				DBA1DE1728539E680039591E /* Ticket.swift in Sources */,
				DBA1DE2828567CC70039591E /* TicketsViewController.swift in Sources */,
				DBA1DE2F2857BCF90039591E /* DetailTicketViewController.swift in Sources */,
				DBA1DE2D28576D780039591E /* DateFormatedCustom.swift in Sources */,
				DBA1DE2228550EDC0039591E /* Extensions.swift in Sources */,
				DBA1DE202853ACCD0039591E /* Support.swift in Sources */,
				DBA1DE1D2853A88D0039591E /* NetwokManager.swift in Sources */,
				DBA1DE02285397D20039591E /* AppDelegate.swift in Sources */,
				DBA1DE262855183F0039591E /* GradientView.swift in Sources */,
				DBA1DE2A28570FA70039591E /* TicketsTableViewCell.swift in Sources */,
			);
			runOnlyForDeploymentPostprocessing = 0;
		};
/* End PBXSourcesBuildPhase section */

/* Begin PBXVariantGroup section */
		DBA1DE0C285397D30039591E /* LaunchScreen.storyboard */ = {
			isa = PBXVariantGroup;
			children = (
				DBA1DE0D285397D30039591E /* Base */,
			);
			name = LaunchScreen.storyboard;
			sourceTree = "<group>";
		};
/* End PBXVariantGroup section */

/* Begin XCBuildConfiguration section */
		DBA1DE10285397D30039591E /* Debug */ = {
			isa = XCBuildConfiguration;
			buildSettings = {
				ALWAYS_SEARCH_USER_PATHS = NO;
				CLANG_ANALYZER_NONNULL = YES;
				CLANG_ANALYZER_NUMBER_OBJECT_CONVERSION = YES_AGGRESSIVE;
				CLANG_CXX_LANGUAGE_STANDARD = "gnu++17";
				CLANG_ENABLE_MODULES = YES;
				CLANG_ENABLE_OBJC_ARC = YES;
				CLANG_ENABLE_OBJC_WEAK = YES;
				CLANG_WARN_BLOCK_CAPTURE_AUTORELEASING = YES;
				CLANG_WARN_BOOL_CONVERSION = YES;
				CLANG_WARN_COMMA = YES;
				CLANG_WARN_CONSTANT_CONVERSION = YES;
				CLANG_WARN_DEPRECATED_OBJC_IMPLEMENTATIONS = YES;
				CLANG_WARN_DIRECT_OBJC_ISA_USAGE = YES_ERROR;
				CLANG_WARN_DOCUMENTATION_COMMENTS = YES;
				CLANG_WARN_EMPTY_BODY = YES;
				CLANG_WARN_ENUM_CONVERSION = YES;
				CLANG_WARN_INFINITE_RECURSION = YES;
				CLANG_WARN_INT_CONVERSION = YES;
				CLANG_WARN_NON_LITERAL_NULL_CONVERSION = YES;
				CLANG_WARN_OBJC_IMPLICIT_RETAIN_SELF = YES;
				CLANG_WARN_OBJC_LITERAL_CONVERSION = YES;
				CLANG_WARN_OBJC_ROOT_CLASS = YES_ERROR;
				CLANG_WARN_QUOTED_INCLUDE_IN_FRAMEWORK_HEADER = YES;
				CLANG_WARN_RANGE_LOOP_ANALYSIS = YES;
				CLANG_WARN_STRICT_PROTOTYPES = YES;
				CLANG_WARN_SUSPICIOUS_MOVE = YES;
				CLANG_WARN_UNGUARDED_AVAILABILITY = YES_AGGRESSIVE;
				CLANG_WARN_UNREACHABLE_CODE = YES;
				CLANG_WARN__DUPLICATE_METHOD_MATCH = YES;
				COPY_PHASE_STRIP = NO;
				DEBUG_INFORMATION_FORMAT = dwarf;
				ENABLE_STRICT_OBJC_MSGSEND = YES;
				ENABLE_TESTABILITY = YES;
				GCC_C_LANGUAGE_STANDARD = gnu11;
				GCC_DYNAMIC_NO_PIC = NO;
				GCC_NO_COMMON_BLOCKS = YES;
				GCC_OPTIMIZATION_LEVEL = 0;
				GCC_PREPROCESSOR_DEFINITIONS = (
					"DEBUG=1",
					"$(inherited)",
				);
				GCC_WARN_64_TO_32_BIT_CONVERSION = YES;
				GCC_WARN_ABOUT_RETURN_TYPE = YES_ERROR;
				GCC_WARN_UNDECLARED_SELECTOR = YES;
				GCC_WARN_UNINITIALIZED_AUTOS = YES_AGGRESSIVE;
				GCC_WARN_UNUSED_FUNCTION = YES;
				GCC_WARN_UNUSED_VARIABLE = YES;
				IPHONEOS_DEPLOYMENT_TARGET = 15.4;
				MTL_ENABLE_DEBUG_INFO = INCLUDE_SOURCE;
				MTL_FAST_MATH = YES;
				ONLY_ACTIVE_ARCH = YES;
				SDKROOT = iphoneos;
				SWIFT_ACTIVE_COMPILATION_CONDITIONS = DEBUG;
				SWIFT_OPTIMIZATION_LEVEL = "-Onone";
			};
			name = Debug;
		};
		DBA1DE11285397D30039591E /* Release */ = {
			isa = XCBuildConfiguration;
			buildSettings = {
				ALWAYS_SEARCH_USER_PATHS = NO;
				CLANG_ANALYZER_NONNULL = YES;
				CLANG_ANALYZER_NUMBER_OBJECT_CONVERSION = YES_AGGRESSIVE;
				CLANG_CXX_LANGUAGE_STANDARD = "gnu++17";
				CLANG_ENABLE_MODULES = YES;
				CLANG_ENABLE_OBJC_ARC = YES;
				CLANG_ENABLE_OBJC_WEAK = YES;
				CLANG_WARN_BLOCK_CAPTURE_AUTORELEASING = YES;
				CLANG_WARN_BOOL_CONVERSION = YES;
				CLANG_WARN_COMMA = YES;
				CLANG_WARN_CONSTANT_CONVERSION = YES;
				CLANG_WARN_DEPRECATED_OBJC_IMPLEMENTATIONS = YES;
				CLANG_WARN_DIRECT_OBJC_ISA_USAGE = YES_ERROR;
				CLANG_WARN_DOCUMENTATION_COMMENTS = YES;
				CLANG_WARN_EMPTY_BODY = YES;
				CLANG_WARN_ENUM_CONVERSION = YES;
				CLANG_WARN_INFINITE_RECURSION = YES;
				CLANG_WARN_INT_CONVERSION = YES;
				CLANG_WARN_NON_LITERAL_NULL_CONVERSION = YES;
				CLANG_WARN_OBJC_IMPLICIT_RETAIN_SELF = YES;
				CLANG_WARN_OBJC_LITERAL_CONVERSION = YES;
				CLANG_WARN_OBJC_ROOT_CLASS = YES_ERROR;
				CLANG_WARN_QUOTED_INCLUDE_IN_FRAMEWORK_HEADER = YES;
				CLANG_WARN_RANGE_LOOP_ANALYSIS = YES;
				CLANG_WARN_STRICT_PROTOTYPES = YES;
				CLANG_WARN_SUSPICIOUS_MOVE = YES;
				CLANG_WARN_UNGUARDED_AVAILABILITY = YES_AGGRESSIVE;
				CLANG_WARN_UNREACHABLE_CODE = YES;
				CLANG_WARN__DUPLICATE_METHOD_MATCH = YES;
				COPY_PHASE_STRIP = NO;
				DEBUG_INFORMATION_FORMAT = "dwarf-with-dsym";
				ENABLE_NS_ASSERTIONS = NO;
				ENABLE_STRICT_OBJC_MSGSEND = YES;
				GCC_C_LANGUAGE_STANDARD = gnu11;
				GCC_NO_COMMON_BLOCKS = YES;
				GCC_WARN_64_TO_32_BIT_CONVERSION = YES;
				GCC_WARN_ABOUT_RETURN_TYPE = YES_ERROR;
				GCC_WARN_UNDECLARED_SELECTOR = YES;
				GCC_WARN_UNINITIALIZED_AUTOS = YES_AGGRESSIVE;
				GCC_WARN_UNUSED_FUNCTION = YES;
				GCC_WARN_UNUSED_VARIABLE = YES;
				IPHONEOS_DEPLOYMENT_TARGET = 15.4;
				MTL_ENABLE_DEBUG_INFO = NO;
				MTL_FAST_MATH = YES;
				SDKROOT = iphoneos;
				SWIFT_COMPILATION_MODE = wholemodule;
				SWIFT_OPTIMIZATION_LEVEL = "-O";
				VALIDATE_PRODUCT = YES;
			};
			name = Release;
		};
		DBA1DE13285397D30039591E /* Debug */ = {
			isa = XCBuildConfiguration;
			buildSettings = {
				ASSETCATALOG_COMPILER_APPICON_NAME = AppIcon;
				ASSETCATALOG_COMPILER_GLOBAL_ACCENT_COLOR_NAME = AccentColor;
				CODE_SIGN_STYLE = Automatic;
				CURRENT_PROJECT_VERSION = 1;
				DEVELOPMENT_TEAM = 46SB5959W9;
				GENERATE_INFOPLIST_FILE = YES;
				INFOPLIST_FILE = "Time for a trip/Info.plist";
				INFOPLIST_KEY_CFBundleDisplayName = "Time for a trip";
				INFOPLIST_KEY_UIApplicationSupportsIndirectInputEvents = YES;
				INFOPLIST_KEY_UILaunchStoryboardName = LaunchScreen;
				INFOPLIST_KEY_UISupportedInterfaceOrientations_iPad = "UIInterfaceOrientationPortrait UIInterfaceOrientationPortraitUpsideDown UIInterfaceOrientationLandscapeLeft UIInterfaceOrientationLandscapeRight";
				INFOPLIST_KEY_UISupportedInterfaceOrientations_iPhone = UIInterfaceOrientationPortrait;
				LD_RUNPATH_SEARCH_PATHS = (
					"$(inherited)",
					"@executable_path/Frameworks",
				);
				MARKETING_VERSION = 1.0;
				PRODUCT_BUNDLE_IDENTIFIER = "com.iOS-18.Time-for-a-trip";
				PRODUCT_NAME = "$(TARGET_NAME)";
				SWIFT_EMIT_LOC_STRINGS = YES;
				SWIFT_VERSION = 5.0;
				TARGETED_DEVICE_FAMILY = 1;
			};
			name = Debug;
		};
		DBA1DE14285397D30039591E /* Release */ = {
			isa = XCBuildConfiguration;
			buildSettings = {
				ASSETCATALOG_COMPILER_APPICON_NAME = AppIcon;
				ASSETCATALOG_COMPILER_GLOBAL_ACCENT_COLOR_NAME = AccentColor;
				CODE_SIGN_STYLE = Automatic;
				CURRENT_PROJECT_VERSION = 1;
				DEVELOPMENT_TEAM = 46SB5959W9;
				GENERATE_INFOPLIST_FILE = YES;
				INFOPLIST_FILE = "Time for a trip/Info.plist";
				INFOPLIST_KEY_CFBundleDisplayName = "Time for a trip";
				INFOPLIST_KEY_UIApplicationSupportsIndirectInputEvents = YES;
				INFOPLIST_KEY_UILaunchStoryboardName = LaunchScreen;
				INFOPLIST_KEY_UISupportedInterfaceOrientations_iPad = "UIInterfaceOrientationPortrait UIInterfaceOrientationPortraitUpsideDown UIInterfaceOrientationLandscapeLeft UIInterfaceOrientationLandscapeRight";
				INFOPLIST_KEY_UISupportedInterfaceOrientations_iPhone = UIInterfaceOrientationPortrait;
				LD_RUNPATH_SEARCH_PATHS = (
					"$(inherited)",
					"@executable_path/Frameworks",
				);
				MARKETING_VERSION = 1.0;
				PRODUCT_BUNDLE_IDENTIFIER = "com.iOS-18.Time-for-a-trip";
				PRODUCT_NAME = "$(TARGET_NAME)";
				SWIFT_EMIT_LOC_STRINGS = YES;
				SWIFT_VERSION = 5.0;
				TARGETED_DEVICE_FAMILY = 1;
			};
			name = Release;
		};
/* End XCBuildConfiguration section */

/* Begin XCConfigurationList section */
		DBA1DDF9285397D20039591E /* Build configuration list for PBXProject "Time for a trip" */ = {
			isa = XCConfigurationList;
			buildConfigurations = (
				DBA1DE10285397D30039591E /* Debug */,
				DBA1DE11285397D30039591E /* Release */,
			);
			defaultConfigurationIsVisible = 0;
			defaultConfigurationName = Release;
		};
		DBA1DE12285397D30039591E /* Build configuration list for PBXNativeTarget "Time for a trip" */ = {
			isa = XCConfigurationList;
			buildConfigurations = (
				DBA1DE13285397D30039591E /* Debug */,
				DBA1DE14285397D30039591E /* Release */,
			);
			defaultConfigurationIsVisible = 0;
			defaultConfigurationName = Release;
		};
/* End XCConfigurationList section */
	};
	rootObject = DBA1DDF6285397D20039591E /* Project object */;
}
